
Microsoft Visual Studio Solution File, Format Version 11.00
# Visual Studio 2010
Project("{FAE04EC0-301F-11D3-BF4B-00C04F79EFBC}") = "TicketingSystem", "TicketingSystem\TicketingSystem.csproj", "{CE3E94E5-E320-4400-A638-15D07AD4F1AF}"
EndProject
Global
	GlobalSection(SolutionConfigurationPlatforms) = preSolution
		Debug|x86 = Debug|x86
		Release|x86 = Release|x86
	EndGlobalSection
	GlobalSection(ProjectConfigurationPlatforms) = postSolution
		{CE3E94E5-E320-4400-A638-15D07AD4F1AF}.Debug|x86.ActiveCfg = Debug|x86
		{CE3E94E5-E320-4400-A638-15D07AD4F1AF}.Debug|x86.Build.0 = Debug|x86
		{CE3E94E5-E320-4400-A638-15D07AD4F1AF}.Release|x86.ActiveCfg = Release|x86
		{CE3E94E5-E320-4400-A638-15D07AD4F1AF}.Release|x86.Build.0 = Release|x86
	EndGlobalSection
	GlobalSection(SolutionProperties) = preSolution
		HideSolutionNode = FALSE
	EndGlobalSection
EndGlobal
